
Microsoft Visual Studio Solution File, Format Version 12.00
# Visual Studio Version 17
VisualStudioVersion = 17.11.35222.181
MinimumVisualStudioVersion = 10.0.40219.1
Project("{8BC9CEB8-8B4A-11D0-8D11-00A0C91BC942}") = "Task9", "Task9\Task9.vcxproj", "{82FE4335-6523-4B91-B388-6603FF70CCCC}"
EndProject
Global
	GlobalSection(SolutionConfigurationPlatforms) = preSolution
		Debug|x64 = Debug|x64
		Debug|x86 = Debug|x86
		Release|x64 = Release|x64
		Release|x86 = Release|x86
	EndGlobalSection
	GlobalSection(ProjectConfigurationPlatforms) = postSolution
		{82FE4335-6523-4B91-B388-6603FF70CCCC}.Debug|x64.ActiveCfg = Debug|x64
		{82FE4335-6523-4B91-B388-6603FF70CCCC}.Debug|x64.Build.0 = Debug|x64
		{82FE4335-6523-4B91-B388-6603FF70CCCC}.Debug|x86.ActiveCfg = Debug|Win32
		{82FE4335-6523-4B91-B388-6603FF70CCCC}.Debug|x86.Build.0 = Debug|Win32
		{82FE4335-6523-4B91-B388-6603FF70CCCC}.Release|x64.ActiveCfg = Release|x64
		{82FE4335-6523-4B91-B388-6603FF70CCCC}.Release|x64.Build.0 = Release|x64
		{82FE4335-6523-4B91-B388-6603FF70CCCC}.Release|x86.ActiveCfg = Release|Win32
		{82FE4335-6523-4B91-B388-6603FF70CCCC}.Release|x86.Build.0 = Release|Win32
	EndGlobalSection
	GlobalSection(SolutionProperties) = preSolution
		HideSolutionNode = FALSE
	EndGlobalSection
	GlobalSection(ExtensibilityGlobals) = postSolution
		SolutionGuid = {3ED8797D-4057-4E29-BC25-A61B78DF64D1}
	EndGlobalSection
EndGlobal
