<?xml version="1.0" encoding="utf-8"?>
<Project ToolsVersion="4.0" xmlns="http://schemas.microsoft.com/developer/msbuild/2003">
  <ItemGroup>
    <Filter Include="Source Files">
      <UniqueIdentifier>{4FC737F1-C7A5-4376-A066-2A32D752A2FF}</UniqueIdentifier>
      <Extensions>cpp;c;cc;cxx;c++;cppm;ixx;def;odl;idl;hpj;bat;asm;asmx</Extensions>
    </Filter>
    <Filter Include="Header Files">
      <UniqueIdentifier>{93995380-89BD-4b04-88EB-625FBE52EBFB}</UniqueIdentifier>
      <Extensions>h;hh;hpp;hxx;h++;hm;inl;inc;ipp;xsd</Extensions>
    </Filter>
    <Filter Include="Resource Files">
      <UniqueIdentifier>{67DA6AB6-F800-4c08-8B7A-83BB121AAD01}</UniqueIdentifier>
      <Extensions>rc;ico;cur;bmp;dlg;rc2;rct;bin;rgs;gif;jpg;jpeg;jpe;resx;tiff;tif;png;wav;mfcribbon-ms</Extensions>
    </Filter>
    <Filter Include="Header Files\Task1_1">
      <UniqueIdentifier>{23f844da-a70e-4f95-99bb-37d468c1479a}</UniqueIdentifier>
    </Filter>
    <Filter Include="Source Files\Task1_1">
      <UniqueIdentifier>{db3fbd68-1432-4ca6-9ca9-2d1c1292716b}</UniqueIdentifier>
    </Filter>
    <Filter Include="Header Files\Task1_2">
      <UniqueIdentifier>{37d0c532-670a-437b-b60e-7a2faaaad06d}</UniqueIdentifier>
    </Filter>
    <Filter Include="Source Files\Task1_2">
      <UniqueIdentifier>{ca2534ec-0507-4fe0-8cbb-55d1c05d625e}</UniqueIdentifier>
    </Filter>
    <Filter Include="Header Files\Task1_3">
      <UniqueIdentifier>{85380f99-7fb0-4bb9-905b-233ab8bff8a6}</UniqueIdentifier>
    </Filter>
    <Filter Include="Source Files\Task1_3">
      <UniqueIdentifier>{84e7499d-9c91-4e6f-9a8e-45609818aca1}</UniqueIdentifier>
    </Filter>
  </ItemGroup>
  <ItemGroup>
    <ClCompile Include="Main.cpp">
      <Filter>Source Files</Filter>
    </ClCompile>
    <ClCompile Include="Character.cpp">
      <Filter>Source Files\Task1_1</Filter>
    </ClCompile>
    <ClCompile Include="Entity.cpp">
      <Filter>Source Files\Task1_2</Filter>
    </ClCompile>
    <ClCompile Include="Enemy.cpp">
      <Filter>Source Files\Task1_2</Filter>
    </ClCompile>
    <ClCompile Include="Player.cpp">
      <Filter>Source Files\Task1_2</Filter>
    </ClCompile>
    <ClCompile Include="Boss.cpp">
      <Filter>Source Files\Task1_2</Filter>
    </ClCompile>
    <ClCompile Include="Entity1.cpp">
      <Filter>Source Files\Task1_3</Filter>
    </ClCompile>
    <ClCompile Include="Character1.cpp">
      <Filter>Source Files\Task1_3</Filter>
    </ClCompile>
    <ClCompile Include="Monster.cpp">
      <Filter>Source Files</Filter>
    </ClCompile>
    <ClCompile Include="Boss1.cpp">
      <Filter>Source Files\Task1_3</Filter>
    </ClCompile>
  </ItemGroup>
  <ItemGroup>
    <ClInclude Include="Character.h">
      <Filter>Header Files\Task1_1</Filter>
    </ClInclude>
    <ClInclude Include="Entity.h">
      <Filter>Header Files\Task1_2</Filter>
    </ClInclude>
    <ClInclude Include="Enemy.h">
      <Filter>Header Files\Task1_2</Filter>
    </ClInclude>
    <ClInclude Include="Player.h">
      <Filter>Header Files\Task1_2</Filter>
    </ClInclude>
    <ClInclude Include="Boss.h">
      <Filter>Header Files\Task1_2</Filter>
    </ClInclude>
    <ClInclude Include="Entity1.h">
      <Filter>Header Files\Task1_3</Filter>
    </ClInclude>
    <ClInclude Include="Character1.h">
      <Filter>Header Files\Task1_3</Filter>
    </ClInclude>
    <ClInclude Include="Monster.h">
      <Filter>Header Files</Filter>
    </ClInclude>
    <ClInclude Include="Boss1.h">
      <Filter>Header Files\Task1_3</Filter>
    </ClInclude>
  </ItemGroup>
</Project>